
Microsoft Visual Studio Solution File, Format Version 12.00
# Visual Studio 14
VisualStudioVersion = 14.0.23107.0
MinimumVisualStudioVersion = 10.0.40219.1
Project("{FAE04EC0-301F-11D3-BF4B-00C04F79EFBC}") = "KNKL", "KNKL\KNKL\KNKL.csproj", "{53BCBF03-154D-4D24-B0C1-9027D62E1D60}"
EndProject
Project("{FAE04EC0-301F-11D3-BF4B-00C04F79EFBC}") = "KNKL.WinPhone", "KNKL\KNKL.WinPhone\KNKL.WinPhone.csproj", "{68C2E855-A1D1-4E1C-AAA3-1FA1CE6D44A4}"
EndProject
Project("{FAE04EC0-301F-11D3-BF4B-00C04F79EFBC}") = "KNKL.Droid", "KNKL\KNKL.Droid\KNKL.Droid.csproj", "{01F71B8D-B98C-4F71-BEF1-29CEA646900B}"
EndProject
Project("{FAE04EC0-301F-11D3-BF4B-00C04F79EFBC}") = "KNKL.iOS", "KNKL\KNKL.iOS\KNKL.iOS.csproj", "{AF2F4025-D4D3-4D30-9D98-AB31E38EE568}"
EndProject
Global
	GlobalSection(SolutionConfigurationPlatforms) = preSolution
		Ad-Hoc|Any CPU = Ad-Hoc|Any CPU
		Ad-Hoc|ARM = Ad-Hoc|ARM
		Ad-Hoc|iPhone = Ad-Hoc|iPhone
		Ad-Hoc|iPhoneSimulator = Ad-Hoc|iPhoneSimulator
		Ad-Hoc|x86 = Ad-Hoc|x86
		AppStore|Any CPU = AppStore|Any CPU
		AppStore|ARM = AppStore|ARM
		AppStore|iPhone = AppStore|iPhone
		AppStore|iPhoneSimulator = AppStore|iPhoneSimulator
		AppStore|x86 = AppStore|x86
		Debug|Any CPU = Debug|Any CPU
		Debug|ARM = Debug|ARM
		Debug|iPhone = Debug|iPhone
		Debug|iPhoneSimulator = Debug|iPhoneSimulator
		Debug|x86 = Debug|x86
		Release|Any CPU = Release|Any CPU
		Release|ARM = Release|ARM
		Release|iPhone = Release|iPhone
		Release|iPhoneSimulator = Release|iPhoneSimulator
		Release|x86 = Release|x86
	EndGlobalSection
	GlobalSection(ProjectConfigurationPlatforms) = postSolution
		{53BCBF03-154D-4D24-B0C1-9027D62E1D60}.Ad-Hoc|Any CPU.ActiveCfg = Release|Any CPU
		{53BCBF03-154D-4D24-B0C1-9027D62E1D60}.Ad-Hoc|Any CPU.Build.0 = Release|Any CPU
		{53BCBF03-154D-4D24-B0C1-9027D62E1D60}.Ad-Hoc|ARM.ActiveCfg = Release|Any CPU
		{53BCBF03-154D-4D24-B0C1-9027D62E1D60}.Ad-Hoc|ARM.Build.0 = Release|Any CPU
		{53BCBF03-154D-4D24-B0C1-9027D62E1D60}.Ad-Hoc|iPhone.ActiveCfg = Release|Any CPU
		{53BCBF03-154D-4D24-B0C1-9027D62E1D60}.Ad-Hoc|iPhone.Build.0 = Release|Any CPU
		{53BCBF03-154D-4D24-B0C1-9027D62E1D60}.Ad-Hoc|iPhoneSimulator.ActiveCfg = Release|Any CPU
		{53BCBF03-154D-4D24-B0C1-9027D62E1D60}.Ad-Hoc|iPhoneSimulator.Build.0 = Release|Any CPU
		{53BCBF03-154D-4D24-B0C1-9027D62E1D60}.Ad-Hoc|x86.ActiveCfg = Release|Any CPU
		{53BCBF03-154D-4D24-B0C1-9027D62E1D60}.Ad-Hoc|x86.Build.0 = Release|Any CPU
		{53BCBF03-154D-4D24-B0C1-9027D62E1D60}.AppStore|Any CPU.ActiveCfg = Release|Any CPU
		{53BCBF03-154D-4D24-B0C1-9027D62E1D60}.AppStore|Any CPU.Build.0 = Release|Any CPU
		{53BCBF03-154D-4D24-B0C1-9027D62E1D60}.AppStore|ARM.ActiveCfg = Release|Any CPU
		{53BCBF03-154D-4D24-B0C1-9027D62E1D60}.AppStore|ARM.Build.0 = Release|Any CPU
		{53BCBF03-154D-4D24-B0C1-9027D62E1D60}.AppStore|iPhone.ActiveCfg = Release|Any CPU
		{53BCBF03-154D-4D24-B0C1-9027D62E1D60}.AppStore|iPhone.Build.0 = Release|Any CPU
		{53BCBF03-154D-4D24-B0C1-9027D62E1D60}.AppStore|iPhoneSimulator.ActiveCfg = Release|Any CPU
		{53BCBF03-154D-4D24-B0C1-9027D62E1D60}.AppStore|iPhoneSimulator.Build.0 = Release|Any CPU
		{53BCBF03-154D-4D24-B0C1-9027D62E1D60}.AppStore|x86.ActiveCfg = Release|Any CPU
		{53BCBF03-154D-4D24-B0C1-9027D62E1D60}.AppStore|x86.Build.0 = Release|Any CPU
		{53BCBF03-154D-4D24-B0C1-9027D62E1D60}.Debug|Any CPU.ActiveCfg = Debug|Any CPU
		{53BCBF03-154D-4D24-B0C1-9027D62E1D60}.Debug|Any CPU.Build.0 = Debug|Any CPU
		{53BCBF03-154D-4D24-B0C1-9027D62E1D60}.Debug|ARM.ActiveCfg = Debug|Any CPU
		{53BCBF03-154D-4D24-B0C1-9027D62E1D60}.Debug|ARM.Build.0 = Debug|Any CPU
		{53BCBF03-154D-4D24-B0C1-9027D62E1D60}.Debug|iPhone.ActiveCfg = Debug|Any CPU
		{53BCBF03-154D-4D24-B0C1-9027D62E1D60}.Debug|iPhone.Build.0 = Debug|Any CPU
		{53BCBF03-154D-4D24-B0C1-9027D62E1D60}.Debug|iPhoneSimulator.ActiveCfg = Debug|Any CPU
		{53BCBF03-154D-4D24-B0C1-9027D62E1D60}.Debug|iPhoneSimulator.Build.0 = Debug|Any CPU
		{53BCBF03-154D-4D24-B0C1-9027D62E1D60}.Debug|x86.ActiveCfg = Debug|Any CPU
		{53BCBF03-154D-4D24-B0C1-9027D62E1D60}.Debug|x86.Build.0 = Debug|Any CPU
		{53BCBF03-154D-4D24-B0C1-9027D62E1D60}.Release|Any CPU.ActiveCfg = Release|Any CPU
		{53BCBF03-154D-4D24-B0C1-9027D62E1D60}.Release|Any CPU.Build.0 = Release|Any CPU
		{53BCBF03-154D-4D24-B0C1-9027D62E1D60}.Release|ARM.ActiveCfg = Release|Any CPU
		{53BCBF03-154D-4D24-B0C1-9027D62E1D60}.Release|ARM.Build.0 = Release|Any CPU
		{53BCBF03-154D-4D24-B0C1-9027D62E1D60}.Release|iPhone.ActiveCfg = Release|Any CPU
		{53BCBF03-154D-4D24-B0C1-9027D62E1D60}.Release|iPhone.Build.0 = Release|Any CPU
		{53BCBF03-154D-4D24-B0C1-9027D62E1D60}.Release|iPhoneSimulator.ActiveCfg = Release|Any CPU
		{53BCBF03-154D-4D24-B0C1-9027D62E1D60}.Release|iPhoneSimulator.Build.0 = Release|Any CPU
		{53BCBF03-154D-4D24-B0C1-9027D62E1D60}.Release|x86.ActiveCfg = Release|Any CPU
		{53BCBF03-154D-4D24-B0C1-9027D62E1D60}.Release|x86.Build.0 = Release|Any CPU
		{68C2E855-A1D1-4E1C-AAA3-1FA1CE6D44A4}.Ad-Hoc|Any CPU.ActiveCfg = Release|Any CPU
		{68C2E855-A1D1-4E1C-AAA3-1FA1CE6D44A4}.Ad-Hoc|Any CPU.Build.0 = Release|Any CPU
		{68C2E855-A1D1-4E1C-AAA3-1FA1CE6D44A4}.Ad-Hoc|Any CPU.Deploy.0 = Release|Any CPU
		{68C2E855-A1D1-4E1C-AAA3-1FA1CE6D44A4}.Ad-Hoc|ARM.ActiveCfg = Release|ARM
		{68C2E855-A1D1-4E1C-AAA3-1FA1CE6D44A4}.Ad-Hoc|ARM.Build.0 = Release|ARM
		{68C2E855-A1D1-4E1C-AAA3-1FA1CE6D44A4}.Ad-Hoc|ARM.Deploy.0 = Release|ARM
		{68C2E855-A1D1-4E1C-AAA3-1FA1CE6D44A4}.Ad-Hoc|iPhone.ActiveCfg = Release|Any CPU
		{68C2E855-A1D1-4E1C-AAA3-1FA1CE6D44A4}.Ad-Hoc|iPhone.Build.0 = Release|Any CPU
		{68C2E855-A1D1-4E1C-AAA3-1FA1CE6D44A4}.Ad-Hoc|iPhone.Deploy.0 = Release|Any CPU
		{68C2E855-A1D1-4E1C-AAA3-1FA1CE6D44A4}.Ad-Hoc|iPhoneSimulator.ActiveCfg = Release|Any CPU
		{68C2E855-A1D1-4E1C-AAA3-1FA1CE6D44A4}.Ad-Hoc|iPhoneSimulator.Build.0 = Release|Any CPU
		{68C2E855-A1D1-4E1C-AAA3-1FA1CE6D44A4}.Ad-Hoc|iPhoneSimulator.Deploy.0 = Release|Any CPU
		{68C2E855-A1D1-4E1C-AAA3-1FA1CE6D44A4}.Ad-Hoc|x86.ActiveCfg = Release|x86
		{68C2E855-A1D1-4E1C-AAA3-1FA1CE6D44A4}.Ad-Hoc|x86.Build.0 = Release|x86
		{68C2E855-A1D1-4E1C-AAA3-1FA1CE6D44A4}.Ad-Hoc|x86.Deploy.0 = Release|x86
		{68C2E855-A1D1-4E1C-AAA3-1FA1CE6D44A4}.AppStore|Any CPU.ActiveCfg = Release|Any CPU
		{68C2E855-A1D1-4E1C-AAA3-1FA1CE6D44A4}.AppStore|Any CPU.Build.0 = Release|Any CPU
		{68C2E855-A1D1-4E1C-AAA3-1FA1CE6D44A4}.AppStore|Any CPU.Deploy.0 = Release|Any CPU
		{68C2E855-A1D1-4E1C-AAA3-1FA1CE6D44A4}.AppStore|ARM.ActiveCfg = Release|ARM
		{68C2E855-A1D1-4E1C-AAA3-1FA1CE6D44A4}.AppStore|ARM.Build.0 = Release|ARM
		{68C2E855-A1D1-4E1C-AAA3-1FA1CE6D44A4}.AppStore|ARM.Deploy.0 = Release|ARM
		{68C2E855-A1D1-4E1C-AAA3-1FA1CE6D44A4}.AppStore|iPhone.ActiveCfg = Release|Any CPU
		{68C2E855-A1D1-4E1C-AAA3-1FA1CE6D44A4}.AppStore|iPhone.Build.0 = Release|Any CPU
		{68C2E855-A1D1-4E1C-AAA3-1FA1CE6D44A4}.AppStore|iPhone.Deploy.0 = Release|Any CPU
		{68C2E855-A1D1-4E1C-AAA3-1FA1CE6D44A4}.AppStore|iPhoneSimulator.ActiveCfg = Release|Any CPU
		{68C2E855-A1D1-4E1C-AAA3-1FA1CE6D44A4}.AppStore|iPhoneSimulator.Build.0 = Release|Any CPU
		{68C2E855-A1D1-4E1C-AAA3-1FA1CE6D44A4}.AppStore|iPhoneSimulator.Deploy.0 = Release|Any CPU
		{68C2E855-A1D1-4E1C-AAA3-1FA1CE6D44A4}.AppStore|x86.ActiveCfg = Release|x86
		{68C2E855-A1D1-4E1C-AAA3-1FA1CE6D44A4}.AppStore|x86.Build.0 = Release|x86
		{68C2E855-A1D1-4E1C-AAA3-1FA1CE6D44A4}.AppStore|x86.Deploy.0 = Release|x86
		{68C2E855-A1D1-4E1C-AAA3-1FA1CE6D44A4}.Debug|Any CPU.ActiveCfg = Debug|Any CPU
		{68C2E855-A1D1-4E1C-AAA3-1FA1CE6D44A4}.Debug|Any CPU.Build.0 = Debug|Any CPU
		{68C2E855-A1D1-4E1C-AAA3-1FA1CE6D44A4}.Debug|Any CPU.Deploy.0 = Debug|Any CPU
		{68C2E855-A1D1-4E1C-AAA3-1FA1CE6D44A4}.Debug|ARM.ActiveCfg = Debug|ARM
		{68C2E855-A1D1-4E1C-AAA3-1FA1CE6D44A4}.Debug|ARM.Build.0 = Debug|ARM
		{68C2E855-A1D1-4E1C-AAA3-1FA1CE6D44A4}.Debug|ARM.Deploy.0 = Debug|ARM
		{68C2E855-A1D1-4E1C-AAA3-1FA1CE6D44A4}.Debug|iPhone.ActiveCfg = Debug|Any CPU
		{68C2E855-A1D1-4E1C-AAA3-1FA1CE6D44A4}.Debug|iPhone.Build.0 = Debug|Any CPU
		{68C2E855-A1D1-4E1C-AAA3-1FA1CE6D44A4}.Debug|iPhone.Deploy.0 = Debug|Any CPU
		{68C2E855-A1D1-4E1C-AAA3-1FA1CE6D44A4}.Debug|iPhoneSimulator.ActiveCfg = Debug|Any CPU
		{68C2E855-A1D1-4E1C-AAA3-1FA1CE6D44A4}.Debug|iPhoneSimulator.Build.0 = Debug|Any CPU
		{68C2E855-A1D1-4E1C-AAA3-1FA1CE6D44A4}.Debug|iPhoneSimulator.Deploy.0 = Debug|Any CPU
		{68C2E855-A1D1-4E1C-AAA3-1FA1CE6D44A4}.Debug|x86.ActiveCfg = Debug|x86
		{68C2E855-A1D1-4E1C-AAA3-1FA1CE6D44A4}.Debug|x86.Build.0 = Debug|x86
		{68C2E855-A1D1-4E1C-AAA3-1FA1CE6D44A4}.Debug|x86.Deploy.0 = Debug|x86
		{68C2E855-A1D1-4E1C-AAA3-1FA1CE6D44A4}.Release|Any CPU.ActiveCfg = Release|Any CPU
		{68C2E855-A1D1-4E1C-AAA3-1FA1CE6D44A4}.Release|Any CPU.Build.0 = Release|Any CPU
		{68C2E855-A1D1-4E1C-AAA3-1FA1CE6D44A4}.Release|Any CPU.Deploy.0 = Release|Any CPU
		{68C2E855-A1D1-4E1C-AAA3-1FA1CE6D44A4}.Release|ARM.ActiveCfg = Release|ARM
		{68C2E855-A1D1-4E1C-AAA3-1FA1CE6D44A4}.Release|ARM.Build.0 = Release|ARM
		{68C2E855-A1D1-4E1C-AAA3-1FA1CE6D44A4}.Release|ARM.Deploy.0 = Release|ARM
		{68C2E855-A1D1-4E1C-AAA3-1FA1CE6D44A4}.Release|iPhone.ActiveCfg = Release|Any CPU
		{68C2E855-A1D1-4E1C-AAA3-1FA1CE6D44A4}.Release|iPhone.Build.0 = Release|Any CPU
		{68C2E855-A1D1-4E1C-AAA3-1FA1CE6D44A4}.Release|iPhone.Deploy.0 = Release|Any CPU
		{68C2E855-A1D1-4E1C-AAA3-1FA1CE6D44A4}.Release|iPhoneSimulator.ActiveCfg = Release|Any CPU
		{68C2E855-A1D1-4E1C-AAA3-1FA1CE6D44A4}.Release|iPhoneSimulator.Build.0 = Release|Any CPU
		{68C2E855-A1D1-4E1C-AAA3-1FA1CE6D44A4}.Release|iPhoneSimulator.Deploy.0 = Release|Any CPU
		{68C2E855-A1D1-4E1C-AAA3-1FA1CE6D44A4}.Release|x86.ActiveCfg = Release|x86
		{68C2E855-A1D1-4E1C-AAA3-1FA1CE6D44A4}.Release|x86.Build.0 = Release|x86
		{68C2E855-A1D1-4E1C-AAA3-1FA1CE6D44A4}.Release|x86.Deploy.0 = Release|x86
		{01F71B8D-B98C-4F71-BEF1-29CEA646900B}.Ad-Hoc|Any CPU.ActiveCfg = Release|Any CPU
		{01F71B8D-B98C-4F71-BEF1-29CEA646900B}.Ad-Hoc|Any CPU.Build.0 = Release|Any CPU
		{01F71B8D-B98C-4F71-BEF1-29CEA646900B}.Ad-Hoc|Any CPU.Deploy.0 = Release|Any CPU
		{01F71B8D-B98C-4F71-BEF1-29CEA646900B}.Ad-Hoc|ARM.ActiveCfg = Release|Any CPU
		{01F71B8D-B98C-4F71-BEF1-29CEA646900B}.Ad-Hoc|ARM.Build.0 = Release|Any CPU
		{01F71B8D-B98C-4F71-BEF1-29CEA646900B}.Ad-Hoc|ARM.Deploy.0 = Release|Any CPU
		{01F71B8D-B98C-4F71-BEF1-29CEA646900B}.Ad-Hoc|iPhone.ActiveCfg = Release|Any CPU
		{01F71B8D-B98C-4F71-BEF1-29CEA646900B}.Ad-Hoc|iPhone.Build.0 = Release|Any CPU
		{01F71B8D-B98C-4F71-BEF1-29CEA646900B}.Ad-Hoc|iPhone.Deploy.0 = Release|Any CPU
		{01F71B8D-B98C-4F71-BEF1-29CEA646900B}.Ad-Hoc|iPhoneSimulator.ActiveCfg = Release|Any CPU
		{01F71B8D-B98C-4F71-BEF1-29CEA646900B}.Ad-Hoc|iPhoneSimulator.Build.0 = Release|Any CPU
		{01F71B8D-B98C-4F71-BEF1-29CEA646900B}.Ad-Hoc|iPhoneSimulator.Deploy.0 = Release|Any CPU
		{01F71B8D-B98C-4F71-BEF1-29CEA646900B}.Ad-Hoc|x86.ActiveCfg = Release|Any CPU
		{01F71B8D-B98C-4F71-BEF1-29CEA646900B}.Ad-Hoc|x86.Build.0 = Release|Any CPU
		{01F71B8D-B98C-4F71-BEF1-29CEA646900B}.Ad-Hoc|x86.Deploy.0 = Release|Any CPU
		{01F71B8D-B98C-4F71-BEF1-29CEA646900B}.AppStore|Any CPU.ActiveCfg = Release|Any CPU
		{01F71B8D-B98C-4F71-BEF1-29CEA646900B}.AppStore|Any CPU.Build.0 = Release|Any CPU
		{01F71B8D-B98C-4F71-BEF1-29CEA646900B}.AppStore|Any CPU.Deploy.0 = Release|Any CPU
		{01F71B8D-B98C-4F71-BEF1-29CEA646900B}.AppStore|ARM.ActiveCfg = Release|Any CPU
		{01F71B8D-B98C-4F71-BEF1-29CEA646900B}.AppStore|ARM.Build.0 = Release|Any CPU
		{01F71B8D-B98C-4F71-BEF1-29CEA646900B}.AppStore|ARM.Deploy.0 = Release|Any CPU
		{01F71B8D-B98C-4F71-BEF1-29CEA646900B}.AppStore|iPhone.ActiveCfg = Release|Any CPU
		{01F71B8D-B98C-4F71-BEF1-29CEA646900B}.AppStore|iPhone.Build.0 = Release|Any CPU
		{01F71B8D-B98C-4F71-BEF1-29CEA646900B}.AppStore|iPhone.Deploy.0 = Release|Any CPU
		{01F71B8D-B98C-4F71-BEF1-29CEA646900B}.AppStore|iPhoneSimulator.ActiveCfg = Release|Any CPU
		{01F71B8D-B98C-4F71-BEF1-29CEA646900B}.AppStore|iPhoneSimulator.Build.0 = Release|Any CPU
		{01F71B8D-B98C-4F71-BEF1-29CEA646900B}.AppStore|iPhoneSimulator.Deploy.0 = Release|Any CPU
		{01F71B8D-B98C-4F71-BEF1-29CEA646900B}.AppStore|x86.ActiveCfg = Release|Any CPU
		{01F71B8D-B98C-4F71-BEF1-29CEA646900B}.AppStore|x86.Build.0 = Release|Any CPU
		{01F71B8D-B98C-4F71-BEF1-29CEA646900B}.AppStore|x86.Deploy.0 = Release|Any CPU
		{01F71B8D-B98C-4F71-BEF1-29CEA646900B}.Debug|Any CPU.ActiveCfg = Debug|Any CPU
		{01F71B8D-B98C-4F71-BEF1-29CEA646900B}.Debug|Any CPU.Build.0 = Debug|Any CPU
		{01F71B8D-B98C-4F71-BEF1-29CEA646900B}.Debug|Any CPU.Deploy.0 = Debug|Any CPU
		{01F71B8D-B98C-4F71-BEF1-29CEA646900B}.Debug|ARM.ActiveCfg = Debug|Any CPU
		{01F71B8D-B98C-4F71-BEF1-29CEA646900B}.Debug|ARM.Build.0 = Debug|Any CPU
		{01F71B8D-B98C-4F71-BEF1-29CEA646900B}.Debug|ARM.Deploy.0 = Debug|Any CPU
		{01F71B8D-B98C-4F71-BEF1-29CEA646900B}.Debug|iPhone.ActiveCfg = Debug|Any CPU
		{01F71B8D-B98C-4F71-BEF1-29CEA646900B}.Debug|iPhone.Build.0 = Debug|Any CPU
		{01F71B8D-B98C-4F71-BEF1-29CEA646900B}.Debug|iPhone.Deploy.0 = Debug|Any CPU
		{01F71B8D-B98C-4F71-BEF1-29CEA646900B}.Debug|iPhoneSimulator.ActiveCfg = Debug|Any CPU
		{01F71B8D-B98C-4F71-BEF1-29CEA646900B}.Debug|iPhoneSimulator.Build.0 = Debug|Any CPU
		{01F71B8D-B98C-4F71-BEF1-29CEA646900B}.Debug|iPhoneSimulator.Deploy.0 = Debug|Any CPU
		{01F71B8D-B98C-4F71-BEF1-29CEA646900B}.Debug|x86.ActiveCfg = Debug|Any CPU
		{01F71B8D-B98C-4F71-BEF1-29CEA646900B}.Debug|x86.Build.0 = Debug|Any CPU
		{01F71B8D-B98C-4F71-BEF1-29CEA646900B}.Debug|x86.Deploy.0 = Debug|Any CPU
		{01F71B8D-B98C-4F71-BEF1-29CEA646900B}.Release|Any CPU.ActiveCfg = Release|Any CPU
		{01F71B8D-B98C-4F71-BEF1-29CEA646900B}.Release|Any CPU.Build.0 = Release|Any CPU
		{01F71B8D-B98C-4F71-BEF1-29CEA646900B}.Release|Any CPU.Deploy.0 = Release|Any CPU
		{01F71B8D-B98C-4F71-BEF1-29CEA646900B}.Release|ARM.ActiveCfg = Release|Any CPU
		{01F71B8D-B98C-4F71-BEF1-29CEA646900B}.Release|ARM.Build.0 = Release|Any CPU
		{01F71B8D-B98C-4F71-BEF1-29CEA646900B}.Release|ARM.Deploy.0 = Release|Any CPU
		{01F71B8D-B98C-4F71-BEF1-29CEA646900B}.Release|iPhone.ActiveCfg = Release|Any CPU
		{01F71B8D-B98C-4F71-BEF1-29CEA646900B}.Release|iPhone.Build.0 = Release|Any CPU
		{01F71B8D-B98C-4F71-BEF1-29CEA646900B}.Release|iPhone.Deploy.0 = Release|Any CPU
		{01F71B8D-B98C-4F71-BEF1-29CEA646900B}.Release|iPhoneSimulator.ActiveCfg = Release|Any CPU
		{01F71B8D-B98C-4F71-BEF1-29CEA646900B}.Release|iPhoneSimulator.Build.0 = Release|Any CPU
		{01F71B8D-B98C-4F71-BEF1-29CEA646900B}.Release|iPhoneSimulator.Deploy.0 = Release|Any CPU
		{01F71B8D-B98C-4F71-BEF1-29CEA646900B}.Release|x86.ActiveCfg = Release|Any CPU
		{01F71B8D-B98C-4F71-BEF1-29CEA646900B}.Release|x86.Build.0 = Release|Any CPU
		{01F71B8D-B98C-4F71-BEF1-29CEA646900B}.Release|x86.Deploy.0 = Release|Any CPU
		{AF2F4025-D4D3-4D30-9D98-AB31E38EE568}.Ad-Hoc|Any CPU.ActiveCfg = Ad-Hoc|iPhone
		{AF2F4025-D4D3-4D30-9D98-AB31E38EE568}.Ad-Hoc|ARM.ActiveCfg = Ad-Hoc|iPhone
		{AF2F4025-D4D3-4D30-9D98-AB31E38EE568}.Ad-Hoc|iPhone.ActiveCfg = Ad-Hoc|iPhone
		{AF2F4025-D4D3-4D30-9D98-AB31E38EE568}.Ad-Hoc|iPhone.Build.0 = Ad-Hoc|iPhone
		{AF2F4025-D4D3-4D30-9D98-AB31E38EE568}.Ad-Hoc|iPhoneSimulator.ActiveCfg = Ad-Hoc|iPhoneSimulator
		{AF2F4025-D4D3-4D30-9D98-AB31E38EE568}.Ad-Hoc|iPhoneSimulator.Build.0 = Ad-Hoc|iPhoneSimulator
		{AF2F4025-D4D3-4D30-9D98-AB31E38EE568}.Ad-Hoc|x86.ActiveCfg = Ad-Hoc|iPhone
		{AF2F4025-D4D3-4D30-9D98-AB31E38EE568}.AppStore|Any CPU.ActiveCfg = AppStore|iPhone
		{AF2F4025-D4D3-4D30-9D98-AB31E38EE568}.AppStore|ARM.ActiveCfg = AppStore|iPhone
		{AF2F4025-D4D3-4D30-9D98-AB31E38EE568}.AppStore|iPhone.ActiveCfg = AppStore|iPhone
		{AF2F4025-D4D3-4D30-9D98-AB31E38EE568}.AppStore|iPhone.Build.0 = AppStore|iPhone
		{AF2F4025-D4D3-4D30-9D98-AB31E38EE568}.AppStore|iPhoneSimulator.ActiveCfg = AppStore|iPhoneSimulator
		{AF2F4025-D4D3-4D30-9D98-AB31E38EE568}.AppStore|iPhoneSimulator.Build.0 = AppStore|iPhoneSimulator
		{AF2F4025-D4D3-4D30-9D98-AB31E38EE568}.AppStore|x86.ActiveCfg = AppStore|iPhone
		{AF2F4025-D4D3-4D30-9D98-AB31E38EE568}.Debug|Any CPU.ActiveCfg = Debug|iPhone
		{AF2F4025-D4D3-4D30-9D98-AB31E38EE568}.Debug|ARM.ActiveCfg = Debug|iPhone
		{AF2F4025-D4D3-4D30-9D98-AB31E38EE568}.Debug|iPhone.ActiveCfg = Debug|iPhone
		{AF2F4025-D4D3-4D30-9D98-AB31E38EE568}.Debug|iPhone.Build.0 = Debug|iPhone
		{AF2F4025-D4D3-4D30-9D98-AB31E38EE568}.Debug|iPhoneSimulator.ActiveCfg = Debug|iPhoneSimulator
		{AF2F4025-D4D3-4D30-9D98-AB31E38EE568}.Debug|iPhoneSimulator.Build.0 = Debug|iPhoneSimulator
		{AF2F4025-D4D3-4D30-9D98-AB31E38EE568}.Debug|x86.ActiveCfg = Debug|iPhone
		{AF2F4025-D4D3-4D30-9D98-AB31E38EE568}.Release|Any CPU.ActiveCfg = Release|iPhone
		{AF2F4025-D4D3-4D30-9D98-AB31E38EE568}.Release|ARM.ActiveCfg = Release|iPhone
		{AF2F4025-D4D3-4D30-9D98-AB31E38EE568}.Release|iPhone.ActiveCfg = Release|iPhone
		{AF2F4025-D4D3-4D30-9D98-AB31E38EE568}.Release|iPhone.Build.0 = Release|iPhone
		{AF2F4025-D4D3-4D30-9D98-AB31E38EE568}.Release|iPhoneSimulator.ActiveCfg = Release|iPhoneSimulator
		{AF2F4025-D4D3-4D30-9D98-AB31E38EE568}.Release|iPhoneSimulator.Build.0 = Release|iPhoneSimulator
		{AF2F4025-D4D3-4D30-9D98-AB31E38EE568}.Release|x86.ActiveCfg = Release|iPhone
	EndGlobalSection
	GlobalSection(SolutionProperties) = preSolution
		HideSolutionNode = FALSE
	EndGlobalSection
	GlobalSection(TeamFoundationVersionControl) = preSolution
		SccNumberOfProjects = 5
		SccEnterpriseProvider = {4CA58AB2-18FA-4F8D-95D4-32DDF27D184C}
		SccTeamFoundationServer = https://vidensky.visualstudio.com/defaultcollection
		SccLocalPath0 = .
		SccProjectUniqueName1 = KNKL\\KNKL.Droid\\KNKL.Droid.csproj
		SccProjectName1 = KNKL/KNKL.Droid
		SccLocalPath1 = KNKL\\KNKL.Droid
		SccProjectUniqueName2 = KNKL\\KNKL.iOS\\KNKL.iOS.csproj
		SccProjectName2 = KNKL/KNKL.iOS
		SccLocalPath2 = KNKL\\KNKL.iOS
		SccProjectUniqueName3 = KNKL\\KNKL.WinPhone\\KNKL.WinPhone.csproj
		SccProjectName3 = KNKL/KNKL.WinPhone
		SccLocalPath3 = KNKL\\KNKL.WinPhone
		SccProjectUniqueName4 = KNKL\\KNKL\\KNKL.csproj
		SccProjectName4 = KNKL/KNKL
		SccLocalPath4 = KNKL\\KNKL
	EndGlobalSection
EndGlobal
